
Microsoft Visual Studio Solution File, Format Version 12.00
# Visual Studio Version 16
VisualStudioVersion = 16.0.31112.23
MinimumVisualStudioVersion = 10.0.40219.1
Project("{00D1A9C2-B5F0-4AF3-8072-F6C62B433612}") = "LungTracking.DB", "LungTracking.DB\LungTracking.DB.sqlproj", "{51E67C75-8646-44A8-8E89-34D83D55E3CD}"
EndProject
Project("{9A19103F-16F7-4668-BE54-9A1E7A4F7556}") = "LungTracking.BL.Models", "LungTracking.BL.Models\LungTracking.BL.Models.csproj", "{D9F5A605-529F-40E5-A83D-00F1D489B4EA}"
EndProject
Project("{FAE04EC0-301F-11D3-BF4B-00C04F79EFBC}") = "LungTracking.Mobile.Android", "LungTracking.Mobile\LungTracking.Mobile.Android\LungTracking.Mobile.Android.csproj", "{53ED4054-C297-4239-A435-7298C249D908}"
EndProject
Project("{FAE04EC0-301F-11D3-BF4B-00C04F79EFBC}") = "LungTracking.Mobile.iOS", "LungTracking.Mobile\LungTracking.Mobile.iOS\LungTracking.Mobile.iOS.csproj", "{19F59F68-0145-47C7-B9DF-ADBD8949FF5B}"
EndProject
Project("{9A19103F-16F7-4668-BE54-9A1E7A4F7556}") = "LungTracking.Mobile", "LungTracking.Mobile\LungTracking.Mobile\LungTracking.Mobile.csproj", "{2A3B4ED1-7666-4991-85EC-46B32A75178E}"
EndProject
Project("{FAE04EC0-301F-11D3-BF4B-00C04F79EFBC}") = "LungTracking.PL", "LungTracking.PL\LungTracking.PL.csproj", "{8E101194-0F1A-42FD-B921-9626FD63D669}"
EndProject
Global
	GlobalSection(SolutionConfigurationPlatforms) = preSolution
		Debug|Any CPU = Debug|Any CPU
		Debug|iPhone = Debug|iPhone
		Debug|iPhoneSimulator = Debug|iPhoneSimulator
		Release|Any CPU = Release|Any CPU
		Release|iPhone = Release|iPhone
		Release|iPhoneSimulator = Release|iPhoneSimulator
	EndGlobalSection
	GlobalSection(ProjectConfigurationPlatforms) = postSolution
		{51E67C75-8646-44A8-8E89-34D83D55E3CD}.Debug|Any CPU.ActiveCfg = Debug|Any CPU
		{51E67C75-8646-44A8-8E89-34D83D55E3CD}.Debug|Any CPU.Build.0 = Debug|Any CPU
		{51E67C75-8646-44A8-8E89-34D83D55E3CD}.Debug|Any CPU.Deploy.0 = Debug|Any CPU
		{51E67C75-8646-44A8-8E89-34D83D55E3CD}.Debug|iPhone.ActiveCfg = Debug|Any CPU
		{51E67C75-8646-44A8-8E89-34D83D55E3CD}.Debug|iPhone.Build.0 = Debug|Any CPU
		{51E67C75-8646-44A8-8E89-34D83D55E3CD}.Debug|iPhone.Deploy.0 = Debug|Any CPU
		{51E67C75-8646-44A8-8E89-34D83D55E3CD}.Debug|iPhoneSimulator.ActiveCfg = Debug|Any CPU
		{51E67C75-8646-44A8-8E89-34D83D55E3CD}.Debug|iPhoneSimulator.Build.0 = Debug|Any CPU
		{51E67C75-8646-44A8-8E89-34D83D55E3CD}.Debug|iPhoneSimulator.Deploy.0 = Debug|Any CPU
		{51E67C75-8646-44A8-8E89-34D83D55E3CD}.Release|Any CPU.ActiveCfg = Release|Any CPU
		{51E67C75-8646-44A8-8E89-34D83D55E3CD}.Release|Any CPU.Build.0 = Release|Any CPU
		{51E67C75-8646-44A8-8E89-34D83D55E3CD}.Release|Any CPU.Deploy.0 = Release|Any CPU
		{51E67C75-8646-44A8-8E89-34D83D55E3CD}.Release|iPhone.ActiveCfg = Release|Any CPU
		{51E67C75-8646-44A8-8E89-34D83D55E3CD}.Release|iPhone.Build.0 = Release|Any CPU
		{51E67C75-8646-44A8-8E89-34D83D55E3CD}.Release|iPhone.Deploy.0 = Release|Any CPU
		{51E67C75-8646-44A8-8E89-34D83D55E3CD}.Release|iPhoneSimulator.ActiveCfg = Release|Any CPU
		{51E67C75-8646-44A8-8E89-34D83D55E3CD}.Release|iPhoneSimulator.Build.0 = Release|Any CPU
		{51E67C75-8646-44A8-8E89-34D83D55E3CD}.Release|iPhoneSimulator.Deploy.0 = Release|Any CPU
		{D9F5A605-529F-40E5-A83D-00F1D489B4EA}.Debug|Any CPU.ActiveCfg = Debug|Any CPU
		{D9F5A605-529F-40E5-A83D-00F1D489B4EA}.Debug|Any CPU.Build.0 = Debug|Any CPU
		{D9F5A605-529F-40E5-A83D-00F1D489B4EA}.Debug|iPhone.ActiveCfg = Debug|Any CPU
		{D9F5A605-529F-40E5-A83D-00F1D489B4EA}.Debug|iPhone.Build.0 = Debug|Any CPU
		{D9F5A605-529F-40E5-A83D-00F1D489B4EA}.Debug|iPhoneSimulator.ActiveCfg = Debug|Any CPU
		{D9F5A605-529F-40E5-A83D-00F1D489B4EA}.Debug|iPhoneSimulator.Build.0 = Debug|Any CPU
		{D9F5A605-529F-40E5-A83D-00F1D489B4EA}.Release|Any CPU.ActiveCfg = Release|Any CPU
		{D9F5A605-529F-40E5-A83D-00F1D489B4EA}.Release|Any CPU.Build.0 = Release|Any CPU
		{D9F5A605-529F-40E5-A83D-00F1D489B4EA}.Release|iPhone.ActiveCfg = Release|Any CPU
		{D9F5A605-529F-40E5-A83D-00F1D489B4EA}.Release|iPhone.Build.0 = Release|Any CPU
		{D9F5A605-529F-40E5-A83D-00F1D489B4EA}.Release|iPhoneSimulator.ActiveCfg = Release|Any CPU
		{D9F5A605-529F-40E5-A83D-00F1D489B4EA}.Release|iPhoneSimulator.Build.0 = Release|Any CPU
		{53ED4054-C297-4239-A435-7298C249D908}.Debug|Any CPU.ActiveCfg = Debug|Any CPU
		{53ED4054-C297-4239-A435-7298C249D908}.Debug|Any CPU.Build.0 = Debug|Any CPU
		{53ED4054-C297-4239-A435-7298C249D908}.Debug|Any CPU.Deploy.0 = Debug|Any CPU
		{53ED4054-C297-4239-A435-7298C249D908}.Debug|iPhone.ActiveCfg = Debug|Any CPU
		{53ED4054-C297-4239-A435-7298C249D908}.Debug|iPhone.Build.0 = Debug|Any CPU
		{53ED4054-C297-4239-A435-7298C249D908}.Debug|iPhone.Deploy.0 = Debug|Any CPU
		{53ED4054-C297-4239-A435-7298C249D908}.Debug|iPhoneSimulator.ActiveCfg = Debug|Any CPU
		{53ED4054-C297-4239-A435-7298C249D908}.Debug|iPhoneSimulator.Build.0 = Debug|Any CPU
		{53ED4054-C297-4239-A435-7298C249D908}.Debug|iPhoneSimulator.Deploy.0 = Debug|Any CPU
		{53ED4054-C297-4239-A435-7298C249D908}.Release|Any CPU.ActiveCfg = Release|Any CPU
		{53ED4054-C297-4239-A435-7298C249D908}.Release|Any CPU.Build.0 = Release|Any CPU
		{53ED4054-C297-4239-A435-7298C249D908}.Release|Any CPU.Deploy.0 = Release|Any CPU
		{53ED4054-C297-4239-A435-7298C249D908}.Release|iPhone.ActiveCfg = Release|Any CPU
		{53ED4054-C297-4239-A435-7298C249D908}.Release|iPhone.Build.0 = Release|Any CPU
		{53ED4054-C297-4239-A435-7298C249D908}.Release|iPhone.Deploy.0 = Release|Any CPU
		{53ED4054-C297-4239-A435-7298C249D908}.Release|iPhoneSimulator.ActiveCfg = Release|Any CPU
		{53ED4054-C297-4239-A435-7298C249D908}.Release|iPhoneSimulator.Build.0 = Release|Any CPU
		{53ED4054-C297-4239-A435-7298C249D908}.Release|iPhoneSimulator.Deploy.0 = Release|Any CPU
		{19F59F68-0145-47C7-B9DF-ADBD8949FF5B}.Debug|Any CPU.ActiveCfg = Debug|iPhoneSimulator
		{19F59F68-0145-47C7-B9DF-ADBD8949FF5B}.Debug|iPhone.ActiveCfg = Debug|iPhone
		{19F59F68-0145-47C7-B9DF-ADBD8949FF5B}.Debug|iPhone.Build.0 = Debug|iPhone
		{19F59F68-0145-47C7-B9DF-ADBD8949FF5B}.Debug|iPhoneSimulator.ActiveCfg = Debug|iPhoneSimulator
		{19F59F68-0145-47C7-B9DF-ADBD8949FF5B}.Debug|iPhoneSimulator.Build.0 = Debug|iPhoneSimulator
		{19F59F68-0145-47C7-B9DF-ADBD8949FF5B}.Release|Any CPU.ActiveCfg = Release|iPhoneSimulator
		{19F59F68-0145-47C7-B9DF-ADBD8949FF5B}.Release|iPhone.ActiveCfg = Release|iPhone
		{19F59F68-0145-47C7-B9DF-ADBD8949FF5B}.Release|iPhone.Build.0 = Release|iPhone
		{19F59F68-0145-47C7-B9DF-ADBD8949FF5B}.Release|iPhoneSimulator.ActiveCfg = Release|iPhoneSimulator
		{19F59F68-0145-47C7-B9DF-ADBD8949FF5B}.Release|iPhoneSimulator.Build.0 = Release|iPhoneSimulator
		{2A3B4ED1-7666-4991-85EC-46B32A75178E}.Debug|Any CPU.ActiveCfg = Debug|Any CPU
		{2A3B4ED1-7666-4991-85EC-46B32A75178E}.Debug|Any CPU.Build.0 = Debug|Any CPU
		{2A3B4ED1-7666-4991-85EC-46B32A75178E}.Debug|iPhone.ActiveCfg = Debug|Any CPU
		{2A3B4ED1-7666-4991-85EC-46B32A75178E}.Debug|iPhone.Build.0 = Debug|Any CPU
		{2A3B4ED1-7666-4991-85EC-46B32A75178E}.Debug|iPhoneSimulator.ActiveCfg = Debug|Any CPU
		{2A3B4ED1-7666-4991-85EC-46B32A75178E}.Debug|iPhoneSimulator.Build.0 = Debug|Any CPU
		{2A3B4ED1-7666-4991-85EC-46B32A75178E}.Release|Any CPU.ActiveCfg = Release|Any CPU
		{2A3B4ED1-7666-4991-85EC-46B32A75178E}.Release|Any CPU.Build.0 = Release|Any CPU
		{2A3B4ED1-7666-4991-85EC-46B32A75178E}.Release|iPhone.ActiveCfg = Release|Any CPU
		{2A3B4ED1-7666-4991-85EC-46B32A75178E}.Release|iPhone.Build.0 = Release|Any CPU
		{2A3B4ED1-7666-4991-85EC-46B32A75178E}.Release|iPhoneSimulator.ActiveCfg = Release|Any CPU
		{2A3B4ED1-7666-4991-85EC-46B32A75178E}.Release|iPhoneSimulator.Build.0 = Release|Any CPU
		{8E101194-0F1A-42FD-B921-9626FD63D669}.Debug|Any CPU.ActiveCfg = Debug|Any CPU
		{8E101194-0F1A-42FD-B921-9626FD63D669}.Debug|Any CPU.Build.0 = Debug|Any CPU
		{8E101194-0F1A-42FD-B921-9626FD63D669}.Debug|iPhone.ActiveCfg = Debug|Any CPU
		{8E101194-0F1A-42FD-B921-9626FD63D669}.Debug|iPhone.Build.0 = Debug|Any CPU
		{8E101194-0F1A-42FD-B921-9626FD63D669}.Debug|iPhoneSimulator.ActiveCfg = Debug|Any CPU
		{8E101194-0F1A-42FD-B921-9626FD63D669}.Debug|iPhoneSimulator.Build.0 = Debug|Any CPU
		{8E101194-0F1A-42FD-B921-9626FD63D669}.Release|Any CPU.ActiveCfg = Release|Any CPU
		{8E101194-0F1A-42FD-B921-9626FD63D669}.Release|Any CPU.Build.0 = Release|Any CPU
		{8E101194-0F1A-42FD-B921-9626FD63D669}.Release|iPhone.ActiveCfg = Release|Any CPU
		{8E101194-0F1A-42FD-B921-9626FD63D669}.Release|iPhone.Build.0 = Release|Any CPU
		{8E101194-0F1A-42FD-B921-9626FD63D669}.Release|iPhoneSimulator.ActiveCfg = Release|Any CPU
		{8E101194-0F1A-42FD-B921-9626FD63D669}.Release|iPhoneSimulator.Build.0 = Release|Any CPU
	EndGlobalSection
	GlobalSection(SolutionProperties) = preSolution
		HideSolutionNode = FALSE
	EndGlobalSection
	GlobalSection(ExtensibilityGlobals) = postSolution
		SolutionGuid = {CBEB7E40-172B-4FD3-AADE-D331520C98BA}
	EndGlobalSection
EndGlobal
